
Microsoft Visual Studio Solution File, Format Version 12.00
# Visual Studio 2012
Project("{2150E333-8FDC-42A3-9474-1A3956D46DE8}") = "Solution Items", "Solution Items", "{BB467242-7E58-4A90-AE67-8DC2CBEB3E10}"
	ProjectSection(SolutionItems) = preProject
		index.html = index.html
		README.html = README.html
	EndProjectSection
EndProject
Project("{2150E333-8FDC-42A3-9474-1A3956D46DE8}") = "Lesson 01", "Lesson 01", "{E8B1EC7E-DEC6-412A-B032-C1241FDC1243}"
	ProjectSection(SolutionItems) = preProject
		Lesson1\index.html = Lesson1\index.html
	EndProjectSection
EndProject
Project("{2150E333-8FDC-42A3-9474-1A3956D46DE8}") = "Lesson 02", "Lesson 02", "{A8D87E5D-FE46-40B4-B0FD-95F7F2CD7485}"
	ProjectSection(SolutionItems) = preProject
		Lesson2\index.html = Lesson2\index.html
	EndProjectSection
EndProject
Project("{2150E333-8FDC-42A3-9474-1A3956D46DE8}") = "Lesson 03", "Lesson 03", "{6092CE3D-AB43-4273-8430-E7F8DA57A0C2}"
	ProjectSection(SolutionItems) = preProject
		Lesson3\index.html = Lesson3\index.html
	EndProjectSection
EndProject
Project("{2150E333-8FDC-42A3-9474-1A3956D46DE8}") = "Lesson 04", "Lesson 04", "{B4F3FF60-55CF-414E-A3A9-45DC03C2A0CB}"
	ProjectSection(SolutionItems) = preProject
		Lesson4\index.html = Lesson4\index.html
	EndProjectSection
EndProject
Project("{2150E333-8FDC-42A3-9474-1A3956D46DE8}") = "Lesson 05", "Lesson 05", "{9D733FFF-2C69-4BB1-A7A0-56305C878E4E}"
	ProjectSection(SolutionItems) = preProject
		Lesson5\index.html = Lesson5\index.html
	EndProjectSection
EndProject
Project("{2150E333-8FDC-42A3-9474-1A3956D46DE8}") = "Lesson 06", "Lesson 06", "{14B92EE4-99F5-4062-B288-97DB93C2EAE6}"
	ProjectSection(SolutionItems) = preProject
		Lesson6\index.html = Lesson6\index.html
	EndProjectSection
EndProject
Project("{2150E333-8FDC-42A3-9474-1A3956D46DE8}") = "Lesson 07", "Lesson 07", "{6316C012-ADAB-4195-9794-964E4E53C8AC}"
	ProjectSection(SolutionItems) = preProject
		Lesson7\index.html = Lesson7\index.html
	EndProjectSection
EndProject
Project("{2150E333-8FDC-42A3-9474-1A3956D46DE8}") = "Lesson 08", "Lesson 08", "{BF897705-8A03-450D-BAE7-E4F0E5C7F9EC}"
	ProjectSection(SolutionItems) = preProject
		Lesson8\index.html = Lesson8\index.html
	EndProjectSection
EndProject
Project("{2150E333-8FDC-42A3-9474-1A3956D46DE8}") = "Lesson 09", "Lesson 09", "{1E5C9B07-AADE-4C3E-B21B-A6A1E3539493}"
	ProjectSection(SolutionItems) = preProject
		Lesson9\index.html = Lesson9\index.html
	EndProjectSection
EndProject
Project("{2150E333-8FDC-42A3-9474-1A3956D46DE8}") = "Lesson 10", "Lesson 10", "{0726F6B9-5A9E-4572-BD9E-CED124AE3A96}"
	ProjectSection(SolutionItems) = preProject
		Lesson10\index.html = Lesson10\index.html
	EndProjectSection
EndProject
Project("{2150E333-8FDC-42A3-9474-1A3956D46DE8}") = "Lessons", "Lessons", "{94D2860E-6D47-4B10-9987-6A599F72F7C0}"
EndProject
Global
	GlobalSection(SolutionProperties) = preSolution
		HideSolutionNode = FALSE
	EndGlobalSection
	GlobalSection(NestedProjects) = preSolution
		{94D2860E-6D47-4B10-9987-6A599F72F7C0} = {BB467242-7E58-4A90-AE67-8DC2CBEB3E10}
		{A8D87E5D-FE46-40B4-B0FD-95F7F2CD7485} = {94D2860E-6D47-4B10-9987-6A599F72F7C0}
		{6092CE3D-AB43-4273-8430-E7F8DA57A0C2} = {94D2860E-6D47-4B10-9987-6A599F72F7C0}
		{B4F3FF60-55CF-414E-A3A9-45DC03C2A0CB} = {94D2860E-6D47-4B10-9987-6A599F72F7C0}
		{9D733FFF-2C69-4BB1-A7A0-56305C878E4E} = {94D2860E-6D47-4B10-9987-6A599F72F7C0}
		{14B92EE4-99F5-4062-B288-97DB93C2EAE6} = {94D2860E-6D47-4B10-9987-6A599F72F7C0}
		{6316C012-ADAB-4195-9794-964E4E53C8AC} = {94D2860E-6D47-4B10-9987-6A599F72F7C0}
		{BF897705-8A03-450D-BAE7-E4F0E5C7F9EC} = {94D2860E-6D47-4B10-9987-6A599F72F7C0}
		{1E5C9B07-AADE-4C3E-B21B-A6A1E3539493} = {94D2860E-6D47-4B10-9987-6A599F72F7C0}
		{0726F6B9-5A9E-4572-BD9E-CED124AE3A96} = {94D2860E-6D47-4B10-9987-6A599F72F7C0}
		{E8B1EC7E-DEC6-412A-B032-C1241FDC1243} = {94D2860E-6D47-4B10-9987-6A599F72F7C0}
	EndGlobalSection
EndGlobal
